
Microsoft Visual Studio Solution File, Format Version 12.00
# Visual Studio Version 17
VisualStudioVersion = 17.5.33530.505
MinimumVisualStudioVersion = 10.0.40219.1
Project("{FAE04EC0-301F-11D3-BF4B-00C04F79EFBC}") = "Task_1_5", "Task_1_5\Task_1_5.csproj", "{7F8B33EF-AED2-419B-ADC8-4EBF79B7773D}"
EndProject
Global
	GlobalSection(SolutionConfigurationPlatforms) = preSolution
		Debug|Any CPU = Debug|Any CPU
		Release|Any CPU = Release|Any CPU
	EndGlobalSection
	GlobalSection(ProjectConfigurationPlatforms) = postSolution
		{7F8B33EF-AED2-419B-ADC8-4EBF79B7773D}.Debug|Any CPU.ActiveCfg = Debug|Any CPU
		{7F8B33EF-AED2-419B-ADC8-4EBF79B7773D}.Debug|Any CPU.Build.0 = Debug|Any CPU
		{7F8B33EF-AED2-419B-ADC8-4EBF79B7773D}.Release|Any CPU.ActiveCfg = Release|Any CPU
		{7F8B33EF-AED2-419B-ADC8-4EBF79B7773D}.Release|Any CPU.Build.0 = Release|Any CPU
	EndGlobalSection
	GlobalSection(SolutionProperties) = preSolution
		HideSolutionNode = FALSE
	EndGlobalSection
	GlobalSection(ExtensibilityGlobals) = postSolution
		SolutionGuid = {C9D0BE7B-84B1-4CD7-BC27-04CDEF433944}
	EndGlobalSection
EndGlobal
