
Microsoft Visual Studio Solution File, Format Version 12.00
# Visual Studio Version 17
VisualStudioVersion = 17.5.33530.505
MinimumVisualStudioVersion = 10.0.40219.1
Project("{9A19103F-16F7-4668-BE54-9A1E7A4F7556}") = "Task_13_6_1", "Task_13_6_1\Task_13_6_1.csproj", "{02E6BD1D-A99F-4F38-8E38-24B0E5E81716}"
EndProject
Project("{FAE04EC0-301F-11D3-BF4B-00C04F79EFBC}") = "Task_13_6_2", "Task_13_6_2\Task_13_6_2.csproj", "{7115C2B1-FE95-4CD8-9855-756B581BBF3E}"
EndProject
Global
	GlobalSection(SolutionConfigurationPlatforms) = preSolution
		Debug|Any CPU = Debug|Any CPU
		Release|Any CPU = Release|Any CPU
	EndGlobalSection
	GlobalSection(ProjectConfigurationPlatforms) = postSolution
		{02E6BD1D-A99F-4F38-8E38-24B0E5E81716}.Debug|Any CPU.ActiveCfg = Debug|Any CPU
		{02E6BD1D-A99F-4F38-8E38-24B0E5E81716}.Debug|Any CPU.Build.0 = Debug|Any CPU
		{02E6BD1D-A99F-4F38-8E38-24B0E5E81716}.Release|Any CPU.ActiveCfg = Release|Any CPU
		{02E6BD1D-A99F-4F38-8E38-24B0E5E81716}.Release|Any CPU.Build.0 = Release|Any CPU
		{7115C2B1-FE95-4CD8-9855-756B581BBF3E}.Debug|Any CPU.ActiveCfg = Debug|Any CPU
		{7115C2B1-FE95-4CD8-9855-756B581BBF3E}.Debug|Any CPU.Build.0 = Debug|Any CPU
		{7115C2B1-FE95-4CD8-9855-756B581BBF3E}.Release|Any CPU.ActiveCfg = Release|Any CPU
		{7115C2B1-FE95-4CD8-9855-756B581BBF3E}.Release|Any CPU.Build.0 = Release|Any CPU
	EndGlobalSection
	GlobalSection(SolutionProperties) = preSolution
		HideSolutionNode = FALSE
	EndGlobalSection
	GlobalSection(ExtensibilityGlobals) = postSolution
		SolutionGuid = {A119C487-8781-4A86-8AC7-56494BDB069D}
	EndGlobalSection
EndGlobal
